
Microsoft Visual Studio Solution File, Format Version 12.00
# Visual Studio Version 16
VisualStudioVersion = 16.0.30611.23
MinimumVisualStudioVersion = 10.0.40219.1
Project("{FAE04EC0-301F-11D3-BF4B-00C04F79EFBC}") = "Joint.Exception", "Joint.Exception\Joint.Exception.csproj", "{768ADF6D-6AAA-4C95-BD17-15B580F415F1}"
EndProject
Global
	GlobalSection(SolutionConfigurationPlatforms) = preSolution
		Debug|Any CPU = Debug|Any CPU
		Release|Any CPU = Release|Any CPU
	EndGlobalSection
	GlobalSection(ProjectConfigurationPlatforms) = postSolution
		{768ADF6D-6AAA-4C95-BD17-15B580F415F1}.Debug|Any CPU.ActiveCfg = Debug|Any CPU
		{768ADF6D-6AAA-4C95-BD17-15B580F415F1}.Debug|Any CPU.Build.0 = Debug|Any CPU
		{768ADF6D-6AAA-4C95-BD17-15B580F415F1}.Release|Any CPU.ActiveCfg = Release|Any CPU
		{768ADF6D-6AAA-4C95-BD17-15B580F415F1}.Release|Any CPU.Build.0 = Release|Any CPU
	EndGlobalSection
	GlobalSection(SolutionProperties) = preSolution
		HideSolutionNode = FALSE
	EndGlobalSection
	GlobalSection(ExtensibilityGlobals) = postSolution
		SolutionGuid = {E3500C32-A9FD-4270-9455-573C5BB8368D}
	EndGlobalSection
EndGlobal
